
Microsoft Visual Studio Solution File, Format Version 12.00
# Visual Studio Version 16
VisualStudioVersion = 16.0.29025.244
MinimumVisualStudioVersion = 10.0.40219.1
Project("{FAE04EC0-301F-11D3-BF4B-00C04F79EFBC}") = "STOCK", "STOCK.csproj", "{6DFE835B-0F1C-450E-819F-5364CEED9C1B}"
EndProject
Global
	GlobalSection(SolutionConfigurationPlatforms) = preSolution
		Debug|Any CPU = Debug|Any CPU
		Release|Any CPU = Release|Any CPU
	EndGlobalSection
	GlobalSection(ProjectConfigurationPlatforms) = postSolution
		{6DFE835B-0F1C-450E-819F-5364CEED9C1B}.Debug|Any CPU.ActiveCfg = Debug|Any CPU
		{6DFE835B-0F1C-450E-819F-5364CEED9C1B}.Debug|Any CPU.Build.0 = Debug|Any CPU
		{6DFE835B-0F1C-450E-819F-5364CEED9C1B}.Release|Any CPU.ActiveCfg = Release|Any CPU
		{6DFE835B-0F1C-450E-819F-5364CEED9C1B}.Release|Any CPU.Build.0 = Release|Any CPU
	EndGlobalSection
	GlobalSection(SolutionProperties) = preSolution
		HideSolutionNode = FALSE
	EndGlobalSection
	GlobalSection(ExtensibilityGlobals) = postSolution
		SolutionGuid = {694A5FCF-EE5E-4321-9CCF-6E775DAE68ED}
	EndGlobalSection
EndGlobal
